{
  "name": "json-schema-to-flow-type-sample",
  "version": "1.0.0",
  "lockfileVersion": 1,
  "requires": true,
  "dependencies": {
    "argparse": {
      "version": "1.0.10",
      "resolved": "https://registry.npmjs.org/argparse/-/argparse-1.0.10.tgz",
      "integrity": "sha512-o5Roy6tNG4SL/FOkCAN6RzjiakZS25RLYFrcMttJqbdd8BWrnA+fGz57iN5Pb06pvBGvl5gQ0B48dJlslXvoTg==",
      "requires": {
        "sprintf-js": "~1.0.2"
      }
    },
    "babel-generator": {
      "version": "6.19.0",
      "resolved": "https://registry.npmjs.org/babel-generator/-/babel-generator-6.19.0.tgz",
      "integrity": "sha1-my8kQgR3ej1oEOwSfGc8h7NJ+sU=",
      "requires": {
        "babel-messages": "^6.8.0",
        "babel-runtime": "^6.9.0",
        "babel-types": "^6.19.0",
        "detect-indent": "^4.0.0",
        "jsesc": "^1.3.0",
        "lodash": "^4.2.0",
        "source-map": "^0.5.0"
      }
    },
    "babel-messages": {
      "version": "6.23.0",
      "resolved": "https://registry.npmjs.org/babel-messages/-/babel-messages-6.23.0.tgz",
      "integrity": "sha1-8830cDhYA1sqKVHG7F7fbGLyYw4=",
      "requires": {
        "babel-runtime": "^6.22.0"
      }
    },
    "babel-runtime": {
      "version": "6.26.0",
      "resolved": "https://registry.npmjs.org/babel-runtime/-/babel-runtime-6.26.0.tgz",
      "integrity": "sha1-llxwWGaOgrVde/4E/yM3vItWR/4=",
      "requires": {
        "core-js": "^2.4.0",
        "regenerator-runtime": "^0.11.0"
      }
    },
    "babel-types": {
      "version": "6.19.0",
      "resolved": "https://registry.npmjs.org/babel-types/-/babel-types-6.19.0.tgz",
      "integrity": "sha1-jbKXLb7QHxGSqLYCuh4eTFFiQLk=",
      "requires": {
        "babel-runtime": "^6.9.1",
        "esutils": "^2.0.2",
        "lodash": "^4.2.0",
        "to-fast-properties": "^1.0.1"
      }
    },
    "core-js": {
      "version": "2.5.7",
      "resolved": "https://registry.npmjs.org/core-js/-/core-js-2.5.7.tgz",
      "integrity": "sha512-RszJCAxg/PP6uzXVXL6BsxSXx/B05oJAQ2vkJRjyjrEcNVycaqOmNb5OTxZPE3xa5gwZduqza6L9JOCenh/Ecw=="
    },
    "detect-indent": {
      "version": "4.0.0",
      "resolved": "https://registry.npmjs.org/detect-indent/-/detect-indent-4.0.0.tgz",
      "integrity": "sha1-920GQ1LN9Docts5hnE7jqUdd4gg=",
      "requires": {
        "repeating": "^2.0.0"
      }
    },
    "esprima": {
      "version": "4.0.1",
      "resolved": "https://registry.npmjs.org/esprima/-/esprima-4.0.1.tgz",
      "integrity": "sha512-eGuFFw7Upda+g4p+QHvnW0RyTX/SVeJBDM/gCtMARO0cLuT2HcEKnTPvhjV6aGeqrCB/sbNop0Kszm0jsaWU4A=="
    },
    "esutils": {
      "version": "2.0.2",
      "resolved": "https://registry.npmjs.org/esutils/-/esutils-2.0.2.tgz",
      "integrity": "sha1-Cr9PHKpbyx96nYrMbepPqqBLrJs="
    },
    "is-finite": {
      "version": "1.0.2",
      "resolved": "https://registry.npmjs.org/is-finite/-/is-finite-1.0.2.tgz",
      "integrity": "sha1-zGZ3aVYCvlUO8R6LSqYwU0K20Ko=",
      "requires": {
        "number-is-nan": "^1.0.0"
      }
    },
    "js-yaml": {
      "version": "3.12.0",
      "resolved": "https://registry.npmjs.org/js-yaml/-/js-yaml-3.12.0.tgz",
      "integrity": "sha512-PIt2cnwmPfL4hKNwqeiuz4bKfnzHTBv6HyVgjahA6mPLwPDzjDWrplJBMjHUFxku/N3FlmrbyPclad+I+4mJ3A==",
      "requires": {
        "argparse": "^1.0.7",
        "esprima": "^4.0.0"
      }
    },
    "jsesc": {
      "version": "1.3.0",
      "resolved": "https://registry.npmjs.org/jsesc/-/jsesc-1.3.0.tgz",
      "integrity": "sha1-RsP+yMGJKxKwgz25vHYiF226s0s="
    },
    "json-schema-to-flow-type": {
      "version": "0.2.7",
      "resolved": "https://registry.npmjs.org/json-schema-to-flow-type/-/json-schema-to-flow-type-0.2.7.tgz",
      "integrity": "sha512-GSvnDnI9NZXMJn5qmNFTGR6XpnadporyHkL6wfO/283TITrtXJ9A3ynUQ2dQnGL2U9q/mGALWVE5Hz/6IV+nbA==",
      "requires": {
        "babel-generator": "6.19.0",
        "babel-types": "6.19.0",
        "lodash": "4.17.x"
      }
    },
    "lodash": {
      "version": "4.17.10",
      "resolved": "https://registry.npmjs.org/lodash/-/lodash-4.17.10.tgz",
      "integrity": "sha512-UejweD1pDoXu+AD825lWwp4ZGtSwgnpZxb3JDViD7StjQz+Nb/6l093lx4OQ0foGWNRoc19mWy7BzL+UAK2iVg=="
    },
    "number-is-nan": {
      "version": "1.0.1",
      "resolved": "https://registry.npmjs.org/number-is-nan/-/number-is-nan-1.0.1.tgz",
      "integrity": "sha1-CXtgK1NCKlIsGvuHkDGDNpQaAR0="
    },
    "regenerator-runtime": {
      "version": "0.11.1",
      "resolved": "https://registry.npmjs.org/regenerator-runtime/-/regenerator-runtime-0.11.1.tgz",
      "integrity": "sha512-MguG95oij0fC3QV3URf4V2SDYGJhJnJGqvIIgdECeODCT98wSWDAJ94SSuVpYQUoTcGUIL6L4yNB7j1DFFHSBg=="
    },
    "repeating": {
      "version": "2.0.1",
      "resolved": "https://registry.npmjs.org/repeating/-/repeating-2.0.1.tgz",
      "integrity": "sha1-UhTFOpJtNVJwdSf7q0FdvAjQbdo=",
      "requires": {
        "is-finite": "^1.0.0"
      }
    },
    "source-map": {
      "version": "0.5.7",
      "resolved": "https://registry.npmjs.org/source-map/-/source-map-0.5.7.tgz",
      "integrity": "sha1-igOdLRAh0i0eoUyA2OpGi6LvP8w="
    },
    "sprintf-js": {
      "version": "1.0.3",
      "resolved": "https://registry.npmjs.org/sprintf-js/-/sprintf-js-1.0.3.tgz",
      "integrity": "sha1-BOaSb2YolTVPPdAVIDYzuFcpfiw="
    },
    "to-fast-properties": {
      "version": "1.0.3",
      "resolved": "https://registry.npmjs.org/to-fast-properties/-/to-fast-properties-1.0.3.tgz",
      "integrity": "sha1-uDVx+k2MJbguIxsG46MFXeTKGkc="
    }
  }
}
